// !$*UTF8*$!
{
	archiveVersion = 1;
	classes = {
	};
	objectVersion = 55;
	objects = {

/* Begin PBXBuildFile section */
		D0E8714C289B993D0010A385 /* AppDelegate.swift in Sources */ = {isa = PBXBuildFile; fileRef = D0E8714B289B993D0010A385 /* AppDelegate.swift */; };
		D0E8714E289B993D0010A385 /* SceneDelegate.swift in Sources */ = {isa = PBXBuildFile; fileRef = D0E8714D289B993D0010A385 /* SceneDelegate.swift */; };
		D0E87150289B993D0010A385 /* ViewController.swift in Sources */ = {isa = PBXBuildFile; fileRef = D0E8714F289B993D0010A385 /* ViewController.swift */; };
		D0E87153289B993D0010A385 /* Main.storyboard in Resources */ = {isa = PBXBuildFile; fileRef = D0E87151289B993D0010A385 /* Main.storyboard */; };
		D0E87156289B993D0010A385 /* PictureAnnotationPOC.xcdatamodeld in Sources */ = {isa = PBXBuildFile; fileRef = D0E87154289B993D0010A385 /* PictureAnnotationPOC.xcdatamodeld */; };
		D0E87158289B993E0010A385 /* Assets.xcassets in Resources */ = {isa = PBXBuildFile; fileRef = D0E87157289B993E0010A385 /* Assets.xcassets */; };
		D0E8715B289B993E0010A385 /* LaunchScreen.storyboard in Resources */ = {isa = PBXBuildFile; fileRef = D0E87159289B993E0010A385 /* LaunchScreen.storyboard */; };
		D0E87166289B993E0010A385 /* PictureAnnotationPOCTests.swift in Sources */ = {isa = PBXBuildFile; fileRef = D0E87165289B993E0010A385 /* PictureAnnotationPOCTests.swift */; };
		D0E87170289B993E0010A385 /* PictureAnnotationPOCUITests.swift in Sources */ = {isa = PBXBuildFile; fileRef = D0E8716F289B993E0010A385 /* PictureAnnotationPOCUITests.swift */; };
		D0E87172289B993E0010A385 /* PictureAnnotationPOCUITestsLaunchTests.swift in Sources */ = {isa = PBXBuildFile; fileRef = D0E87171289B993E0010A385 /* PictureAnnotationPOCUITestsLaunchTests.swift */; };
		D0E87180289B99DA0010A385 /* UIViewController.swift in Sources */ = {isa = PBXBuildFile; fileRef = D0E8717F289B99DA0010A385 /* UIViewController.swift */; };
		D0E87183289B9C920010A385 /* ImageEditingViewController.swift in Sources */ = {isa = PBXBuildFile; fileRef = D0E87182289B9C920010A385 /* ImageEditingViewController.swift */; };
/* End PBXBuildFile section */

/* Begin PBXContainerItemProxy section */
		D0E87162289B993E0010A385 /* PBXContainerItemProxy */ = {
			isa = PBXContainerItemProxy;
			containerPortal = D0E87140289B993D0010A385 /* Project object */;
			proxyType = 1;
			remoteGlobalIDString = D0E87147289B993D0010A385;
			remoteInfo = PictureAnnotationPOC;
		};
		D0E8716C289B993E0010A385 /* PBXContainerItemProxy */ = {
			isa = PBXContainerItemProxy;
			containerPortal = D0E87140289B993D0010A385 /* Project object */;
			proxyType = 1;
			remoteGlobalIDString = D0E87147289B993D0010A385;
			remoteInfo = PictureAnnotationPOC;
		};
/* End PBXContainerItemProxy section */

/* Begin PBXFileReference section */
		D0E87148289B993D0010A385 /* PictureAnnotationPOC.app */ = {isa = PBXFileReference; explicitFileType = wrapper.application; includeInIndex = 0; path = PictureAnnotationPOC.app; sourceTree = BUILT_PRODUCTS_DIR; };
		D0E8714B289B993D0010A385 /* AppDelegate.swift */ = {isa = PBXFileReference; lastKnownFileType = sourcecode.swift; path = AppDelegate.swift; sourceTree = "<group>"; };
		D0E8714D289B993D0010A385 /* SceneDelegate.swift */ = {isa = PBXFileReference; lastKnownFileType = sourcecode.swift; path = SceneDelegate.swift; sourceTree = "<group>"; };
		D0E8714F289B993D0010A385 /* ViewController.swift */ = {isa = PBXFileReference; lastKnownFileType = sourcecode.swift; path = ViewController.swift; sourceTree = "<group>"; };
		D0E87152289B993D0010A385 /* Base */ = {isa = PBXFileReference; lastKnownFileType = file.storyboard; name = Base; path = Base.lproj/Main.storyboard; sourceTree = "<group>"; };
		D0E87155289B993D0010A385 /* PictureAnnotationPOC.xcdatamodel */ = {isa = PBXFileReference; lastKnownFileType = wrapper.xcdatamodel; path = PictureAnnotationPOC.xcdatamodel; sourceTree = "<group>"; };
		D0E87157289B993E0010A385 /* Assets.xcassets */ = {isa = PBXFileReference; lastKnownFileType = folder.assetcatalog; path = Assets.xcassets; sourceTree = "<group>"; };
		D0E8715A289B993E0010A385 /* Base */ = {isa = PBXFileReference; lastKnownFileType = file.storyboard; name = Base; path = Base.lproj/LaunchScreen.storyboard; sourceTree = "<group>"; };
		D0E8715C289B993E0010A385 /* Info.plist */ = {isa = PBXFileReference; lastKnownFileType = text.plist.xml; path = Info.plist; sourceTree = "<group>"; };
		D0E87161289B993E0010A385 /* PictureAnnotationPOCTests.xctest */ = {isa = PBXFileReference; explicitFileType = wrapper.cfbundle; includeInIndex = 0; path = PictureAnnotationPOCTests.xctest; sourceTree = BUILT_PRODUCTS_DIR; };
		D0E87165289B993E0010A385 /* PictureAnnotationPOCTests.swift */ = {isa = PBXFileReference; lastKnownFileType = sourcecode.swift; path = PictureAnnotationPOCTests.swift; sourceTree = "<group>"; };
		D0E8716B289B993E0010A385 /* PictureAnnotationPOCUITests.xctest */ = {isa = PBXFileReference; explicitFileType = wrapper.cfbundle; includeInIndex = 0; path = PictureAnnotationPOCUITests.xctest; sourceTree = BUILT_PRODUCTS_DIR; };
		D0E8716F289B993E0010A385 /* PictureAnnotationPOCUITests.swift */ = {isa = PBXFileReference; lastKnownFileType = sourcecode.swift; path = PictureAnnotationPOCUITests.swift; sourceTree = "<group>"; };
		D0E87171289B993E0010A385 /* PictureAnnotationPOCUITestsLaunchTests.swift */ = {isa = PBXFileReference; lastKnownFileType = sourcecode.swift; path = PictureAnnotationPOCUITestsLaunchTests.swift; sourceTree = "<group>"; };
		D0E8717F289B99DA0010A385 /* UIViewController.swift */ = {isa = PBXFileReference; lastKnownFileType = sourcecode.swift; path = UIViewController.swift; sourceTree = "<group>"; };
		D0E87182289B9C920010A385 /* ImageEditingViewController.swift */ = {isa = PBXFileReference; lastKnownFileType = sourcecode.swift; path = ImageEditingViewController.swift; sourceTree = "<group>"; };
/* End PBXFileReference section */

/* Begin PBXFrameworksBuildPhase section */
		D0E87145289B993D0010A385 /* Frameworks */ = {
			isa = PBXFrameworksBuildPhase;
			buildActionMask = 2147483647;
			files = (
			);
			runOnlyForDeploymentPostprocessing = 0;
		};
		D0E8715E289B993E0010A385 /* Frameworks */ = {
			isa = PBXFrameworksBuildPhase;
			buildActionMask = 2147483647;
			files = (
			);
			runOnlyForDeploymentPostprocessing = 0;
		};
		D0E87168289B993E0010A385 /* Frameworks */ = {
			isa = PBXFrameworksBuildPhase;
			buildActionMask = 2147483647;
			files = (
			);
			runOnlyForDeploymentPostprocessing = 0;
		};
/* End PBXFrameworksBuildPhase section */

/* Begin PBXGroup section */
		D0E8713F289B993D0010A385 = {
			isa = PBXGroup;
			children = (
				D0E8714A289B993D0010A385 /* PictureAnnotationPOC */,
				D0E87164289B993E0010A385 /* PictureAnnotationPOCTests */,
				D0E8716E289B993E0010A385 /* PictureAnnotationPOCUITests */,
				D0E87149289B993D0010A385 /* Products */,
			);
			sourceTree = "<group>";
		};
		D0E87149289B993D0010A385 /* Products */ = {
			isa = PBXGroup;
			children = (
				D0E87148289B993D0010A385 /* PictureAnnotationPOC.app */,
				D0E87161289B993E0010A385 /* PictureAnnotationPOCTests.xctest */,
				D0E8716B289B993E0010A385 /* PictureAnnotationPOCUITests.xctest */,
			);
			name = Products;
			sourceTree = "<group>";
		};
		D0E8714A289B993D0010A385 /* PictureAnnotationPOC */ = {
			isa = PBXGroup;
			children = (
				D0E8714B289B993D0010A385 /* AppDelegate.swift */,
				D0E8714D289B993D0010A385 /* SceneDelegate.swift */,
				D0E8717E289B99A70010A385 /* Extension */,
				D0E87181289B9C7F0010A385 /* ViewController */,
				D0E87151289B993D0010A385 /* Main.storyboard */,
				D0E87157289B993E0010A385 /* Assets.xcassets */,
				D0E87159289B993E0010A385 /* LaunchScreen.storyboard */,
				D0E8715C289B993E0010A385 /* Info.plist */,
				D0E87154289B993D0010A385 /* PictureAnnotationPOC.xcdatamodeld */,
			);
			path = PictureAnnotationPOC;
			sourceTree = "<group>";
		};
		D0E87164289B993E0010A385 /* PictureAnnotationPOCTests */ = {
			isa = PBXGroup;
			children = (
				D0E87165289B993E0010A385 /* PictureAnnotationPOCTests.swift */,
			);
			path = PictureAnnotationPOCTests;
			sourceTree = "<group>";
		};
		D0E8716E289B993E0010A385 /* PictureAnnotationPOCUITests */ = {
			isa = PBXGroup;
			children = (
				D0E8716F289B993E0010A385 /* PictureAnnotationPOCUITests.swift */,
				D0E87171289B993E0010A385 /* PictureAnnotationPOCUITestsLaunchTests.swift */,
			);
			path = PictureAnnotationPOCUITests;
			sourceTree = "<group>";
		};
		D0E8717E289B99A70010A385 /* Extension */ = {
			isa = PBXGroup;
			children = (
				D0E8717F289B99DA0010A385 /* UIViewController.swift */,
			);
			path = Extension;
			sourceTree = "<group>";
		};
		D0E87181289B9C7F0010A385 /* ViewController */ = {
			isa = PBXGroup;
			children = (
				D0E8714F289B993D0010A385 /* ViewController.swift */,
				D0E87182289B9C920010A385 /* ImageEditingViewController.swift */,
			);
			path = ViewController;
			sourceTree = "<group>";
		};
/* End PBXGroup section */

/* Begin PBXNativeTarget section */
		D0E87147289B993D0010A385 /* PictureAnnotationPOC */ = {
			isa = PBXNativeTarget;
			buildConfigurationList = D0E87175289B993E0010A385 /* Build configuration list for PBXNativeTarget "PictureAnnotationPOC" */;
			buildPhases = (
				D0E87144289B993D0010A385 /* Sources */,
				D0E87145289B993D0010A385 /* Frameworks */,
				D0E87146289B993D0010A385 /* Resources */,
			);
			buildRules = (
			);
			dependencies = (
			);
			name = PictureAnnotationPOC;
			productName = PictureAnnotationPOC;
			productReference = D0E87148289B993D0010A385 /* PictureAnnotationPOC.app */;
			productType = "com.apple.product-type.application";
		};
		D0E87160289B993E0010A385 /* PictureAnnotationPOCTests */ = {
			isa = PBXNativeTarget;
			buildConfigurationList = D0E87178289B993E0010A385 /* Build configuration list for PBXNativeTarget "PictureAnnotationPOCTests" */;
			buildPhases = (
				D0E8715D289B993E0010A385 /* Sources */,
				D0E8715E289B993E0010A385 /* Frameworks */,
				D0E8715F289B993E0010A385 /* Resources */,
			);
			buildRules = (
			);
			dependencies = (
				D0E87163289B993E0010A385 /* PBXTargetDependency */,
			);
			name = PictureAnnotationPOCTests;
			productName = PictureAnnotationPOCTests;
			productReference = D0E87161289B993E0010A385 /* PictureAnnotationPOCTests.xctest */;
			productType = "com.apple.product-type.bundle.unit-test";
		};
		D0E8716A289B993E0010A385 /* PictureAnnotationPOCUITests */ = {
			isa = PBXNativeTarget;
			buildConfigurationList = D0E8717B289B993E0010A385 /* Build configuration list for PBXNativeTarget "PictureAnnotationPOCUITests" */;
			buildPhases = (
				D0E87167289B993E0010A385 /* Sources */,
				D0E87168289B993E0010A385 /* Frameworks */,
				D0E87169289B993E0010A385 /* Resources */,
			);
			buildRules = (
			);
			dependencies = (
				D0E8716D289B993E0010A385 /* PBXTargetDependency */,
			);
			name = PictureAnnotationPOCUITests;
			productName = PictureAnnotationPOCUITests;
			productReference = D0E8716B289B993E0010A385 /* PictureAnnotationPOCUITests.xctest */;
			productType = "com.apple.product-type.bundle.ui-testing";
		};
/* End PBXNativeTarget section */

/* Begin PBXProject section */
		D0E87140289B993D0010A385 /* Project object */ = {
			isa = PBXProject;
			attributes = {
				BuildIndependentTargetsInParallel = 1;
				LastSwiftUpdateCheck = 1320;
				LastUpgradeCheck = 1320;
				TargetAttributes = {
					D0E87147289B993D0010A385 = {
						CreatedOnToolsVersion = 13.2.1;
					};
					D0E87160289B993E0010A385 = {
						CreatedOnToolsVersion = 13.2.1;
						TestTargetID = D0E87147289B993D0010A385;
					};
					D0E8716A289B993E0010A385 = {
						CreatedOnToolsVersion = 13.2.1;
						TestTargetID = D0E87147289B993D0010A385;
					};
				};
			};
			buildConfigurationList = D0E87143289B993D0010A385 /* Build configuration list for PBXProject "PictureAnnotationPOC" */;
			compatibilityVersion = "Xcode 13.0";
			developmentRegion = en;
			hasScannedForEncodings = 0;
			knownRegions = (
				en,
				Base,
			);
			mainGroup = D0E8713F289B993D0010A385;
			productRefGroup = D0E87149289B993D0010A385 /* Products */;
			projectDirPath = "";
			projectRoot = "";
			targets = (
				D0E87147289B993D0010A385 /* PictureAnnotationPOC */,
				D0E87160289B993E0010A385 /* PictureAnnotationPOCTests */,
				D0E8716A289B993E0010A385 /* PictureAnnotationPOCUITests */,
			);
		};
/* End PBXProject section */

/* Begin PBXResourcesBuildPhase section */
		D0E87146289B993D0010A385 /* Resources */ = {
			isa = PBXResourcesBuildPhase;
			buildActionMask = 2147483647;
			files = (
				D0E8715B289B993E0010A385 /* LaunchScreen.storyboard in Resources */,
				D0E87158289B993E0010A385 /* Assets.xcassets in Resources */,
				D0E87153289B993D0010A385 /* Main.storyboard in Resources */,
			);
			runOnlyForDeploymentPostprocessing = 0;
		};
		D0E8715F289B993E0010A385 /* Resources */ = {
			isa = PBXResourcesBuildPhase;
			buildActionMask = 2147483647;
			files = (
			);
			runOnlyForDeploymentPostprocessing = 0;
		};
		D0E87169289B993E0010A385 /* Resources */ = {
			isa = PBXResourcesBuildPhase;
			buildActionMask = 2147483647;
			files = (
			);
			runOnlyForDeploymentPostprocessing = 0;
		};
/* End PBXResourcesBuildPhase section */

/* Begin PBXSourcesBuildPhase section */
		D0E87144289B993D0010A385 /* Sources */ = {
			isa = PBXSourcesBuildPhase;
			buildActionMask = 2147483647;
			files = (
				D0E87150289B993D0010A385 /* ViewController.swift in Sources */,
				D0E8714C289B993D0010A385 /* AppDelegate.swift in Sources */,
				D0E87183289B9C920010A385 /* ImageEditingViewController.swift in Sources */,
				D0E87156289B993D0010A385 /* PictureAnnotationPOC.xcdatamodeld in Sources */,
				D0E8714E289B993D0010A385 /* SceneDelegate.swift in Sources */,
				D0E87180289B99DA0010A385 /* UIViewController.swift in Sources */,
			);
			runOnlyForDeploymentPostprocessing = 0;
		};
		D0E8715D289B993E0010A385 /* Sources */ = {
			isa = PBXSourcesBuildPhase;
			buildActionMask = 2147483647;
			files = (
				D0E87166289B993E0010A385 /* PictureAnnotationPOCTests.swift in Sources */,
			);
			runOnlyForDeploymentPostprocessing = 0;
		};
		D0E87167289B993E0010A385 /* Sources */ = {
			isa = PBXSourcesBuildPhase;
			buildActionMask = 2147483647;
			files = (
				D0E87170289B993E0010A385 /* PictureAnnotationPOCUITests.swift in Sources */,
				D0E87172289B993E0010A385 /* PictureAnnotationPOCUITestsLaunchTests.swift in Sources */,
			);
			runOnlyForDeploymentPostprocessing = 0;
		};
/* End PBXSourcesBuildPhase section */

/* Begin PBXTargetDependency section */
		D0E87163289B993E0010A385 /* PBXTargetDependency */ = {
			isa = PBXTargetDependency;
			target = D0E87147289B993D0010A385 /* PictureAnnotationPOC */;
			targetProxy = D0E87162289B993E0010A385 /* PBXContainerItemProxy */;
		};
		D0E8716D289B993E0010A385 /* PBXTargetDependency */ = {
			isa = PBXTargetDependency;
			target = D0E87147289B993D0010A385 /* PictureAnnotationPOC */;
			targetProxy = D0E8716C289B993E0010A385 /* PBXContainerItemProxy */;
		};
/* End PBXTargetDependency section */

/* Begin PBXVariantGroup section */
		D0E87151289B993D0010A385 /* Main.storyboard */ = {
			isa = PBXVariantGroup;
			children = (
				D0E87152289B993D0010A385 /* Base */,
			);
			name = Main.storyboard;
			sourceTree = "<group>";
		};
		D0E87159289B993E0010A385 /* LaunchScreen.storyboard */ = {
			isa = PBXVariantGroup;
			children = (
				D0E8715A289B993E0010A385 /* Base */,
			);
			name = LaunchScreen.storyboard;
			sourceTree = "<group>";
		};
/* End PBXVariantGroup section */

/* Begin XCBuildConfiguration section */
		D0E87173289B993E0010A385 /* Debug */ = {
			isa = XCBuildConfiguration;
			buildSettings = {
				ALWAYS_SEARCH_USER_PATHS = NO;
				CLANG_ANALYZER_NONNULL = YES;
				CLANG_ANALYZER_NUMBER_OBJECT_CONVERSION = YES_AGGRESSIVE;
				CLANG_CXX_LANGUAGE_STANDARD = "gnu++17";
				CLANG_CXX_LIBRARY = "libc++";
				CLANG_ENABLE_MODULES = YES;
				CLANG_ENABLE_OBJC_ARC = YES;
				CLANG_ENABLE_OBJC_WEAK = YES;
				CLANG_WARN_BLOCK_CAPTURE_AUTORELEASING = YES;
				CLANG_WARN_BOOL_CONVERSION = YES;
				CLANG_WARN_COMMA = YES;
				CLANG_WARN_CONSTANT_CONVERSION = YES;
				CLANG_WARN_DEPRECATED_OBJC_IMPLEMENTATIONS = YES;
				CLANG_WARN_DIRECT_OBJC_ISA_USAGE = YES_ERROR;
				CLANG_WARN_DOCUMENTATION_COMMENTS = YES;
				CLANG_WARN_EMPTY_BODY = YES;
				CLANG_WARN_ENUM_CONVERSION = YES;
				CLANG_WARN_INFINITE_RECURSION = YES;
				CLANG_WARN_INT_CONVERSION = YES;
				CLANG_WARN_NON_LITERAL_NULL_CONVERSION = YES;
				CLANG_WARN_OBJC_IMPLICIT_RETAIN_SELF = YES;
				CLANG_WARN_OBJC_LITERAL_CONVERSION = YES;
				CLANG_WARN_OBJC_ROOT_CLASS = YES_ERROR;
				CLANG_WARN_QUOTED_INCLUDE_IN_FRAMEWORK_HEADER = YES;
				CLANG_WARN_RANGE_LOOP_ANALYSIS = YES;
				CLANG_WARN_STRICT_PROTOTYPES = YES;
				CLANG_WARN_SUSPICIOUS_MOVE = YES;
				CLANG_WARN_UNGUARDED_AVAILABILITY = YES_AGGRESSIVE;
				CLANG_WARN_UNREACHABLE_CODE = YES;
				CLANG_WARN__DUPLICATE_METHOD_MATCH = YES;
				COPY_PHASE_STRIP = NO;
				DEBUG_INFORMATION_FORMAT = dwarf;
				ENABLE_STRICT_OBJC_MSGSEND = YES;
				ENABLE_TESTABILITY = YES;
				GCC_C_LANGUAGE_STANDARD = gnu11;
				GCC_DYNAMIC_NO_PIC = NO;
				GCC_NO_COMMON_BLOCKS = YES;
				GCC_OPTIMIZATION_LEVEL = 0;
				GCC_PREPROCESSOR_DEFINITIONS = (
					"DEBUG=1",
					"$(inherited)",
				);
				GCC_WARN_64_TO_32_BIT_CONVERSION = YES;
				GCC_WARN_ABOUT_RETURN_TYPE = YES_ERROR;
				GCC_WARN_UNDECLARED_SELECTOR = YES;
				GCC_WARN_UNINITIALIZED_AUTOS = YES_AGGRESSIVE;
				GCC_WARN_UNUSED_FUNCTION = YES;
				GCC_WARN_UNUSED_VARIABLE = YES;
				IPHONEOS_DEPLOYMENT_TARGET = 15.2;
				MTL_ENABLE_DEBUG_INFO = INCLUDE_SOURCE;
				MTL_FAST_MATH = YES;
				ONLY_ACTIVE_ARCH = YES;
				SDKROOT = iphoneos;
				SWIFT_ACTIVE_COMPILATION_CONDITIONS = DEBUG;
				SWIFT_OPTIMIZATION_LEVEL = "-Onone";
			};
			name = Debug;
		};
		D0E87174289B993E0010A385 /* Release */ = {
			isa = XCBuildConfiguration;
			buildSettings = {
				ALWAYS_SEARCH_USER_PATHS = NO;
				CLANG_ANALYZER_NONNULL = YES;
				CLANG_ANALYZER_NUMBER_OBJECT_CONVERSION = YES_AGGRESSIVE;
				CLANG_CXX_LANGUAGE_STANDARD = "gnu++17";
				CLANG_CXX_LIBRARY = "libc++";
				CLANG_ENABLE_MODULES = YES;
				CLANG_ENABLE_OBJC_ARC = YES;
				CLANG_ENABLE_OBJC_WEAK = YES;
				CLANG_WARN_BLOCK_CAPTURE_AUTORELEASING = YES;
				CLANG_WARN_BOOL_CONVERSION = YES;
				CLANG_WARN_COMMA = YES;
				CLANG_WARN_CONSTANT_CONVERSION = YES;
				CLANG_WARN_DEPRECATED_OBJC_IMPLEMENTATIONS = YES;
				CLANG_WARN_DIRECT_OBJC_ISA_USAGE = YES_ERROR;
				CLANG_WARN_DOCUMENTATION_COMMENTS = YES;
				CLANG_WARN_EMPTY_BODY = YES;
				CLANG_WARN_ENUM_CONVERSION = YES;
				CLANG_WARN_INFINITE_RECURSION = YES;
				CLANG_WARN_INT_CONVERSION = YES;
				CLANG_WARN_NON_LITERAL_NULL_CONVERSION = YES;
				CLANG_WARN_OBJC_IMPLICIT_RETAIN_SELF = YES;
				CLANG_WARN_OBJC_LITERAL_CONVERSION = YES;
				CLANG_WARN_OBJC_ROOT_CLASS = YES_ERROR;
				CLANG_WARN_QUOTED_INCLUDE_IN_FRAMEWORK_HEADER = YES;
				CLANG_WARN_RANGE_LOOP_ANALYSIS = YES;
				CLANG_WARN_STRICT_PROTOTYPES = YES;
				CLANG_WARN_SUSPICIOUS_MOVE = YES;
				CLANG_WARN_UNGUARDED_AVAILABILITY = YES_AGGRESSIVE;
				CLANG_WARN_UNREACHABLE_CODE = YES;
				CLANG_WARN__DUPLICATE_METHOD_MATCH = YES;
				COPY_PHASE_STRIP = NO;
				DEBUG_INFORMATION_FORMAT = "dwarf-with-dsym";
				ENABLE_NS_ASSERTIONS = NO;
				ENABLE_STRICT_OBJC_MSGSEND = YES;
				GCC_C_LANGUAGE_STANDARD = gnu11;
				GCC_NO_COMMON_BLOCKS = YES;
				GCC_WARN_64_TO_32_BIT_CONVERSION = YES;
				GCC_WARN_ABOUT_RETURN_TYPE = YES_ERROR;
				GCC_WARN_UNDECLARED_SELECTOR = YES;
				GCC_WARN_UNINITIALIZED_AUTOS = YES_AGGRESSIVE;
				GCC_WARN_UNUSED_FUNCTION = YES;
				GCC_WARN_UNUSED_VARIABLE = YES;
				IPHONEOS_DEPLOYMENT_TARGET = 15.2;
				MTL_ENABLE_DEBUG_INFO = NO;
				MTL_FAST_MATH = YES;
				SDKROOT = iphoneos;
				SWIFT_COMPILATION_MODE = wholemodule;
				SWIFT_OPTIMIZATION_LEVEL = "-O";
				VALIDATE_PRODUCT = YES;
			};
			name = Release;
		};
		D0E87176289B993E0010A385 /* Debug */ = {
			isa = XCBuildConfiguration;
			buildSettings = {
				ASSETCATALOG_COMPILER_APPICON_NAME = AppIcon;
				ASSETCATALOG_COMPILER_GLOBAL_ACCENT_COLOR_NAME = AccentColor;
				CODE_SIGN_STYLE = Automatic;
				CURRENT_PROJECT_VERSION = 1;
				GENERATE_INFOPLIST_FILE = YES;
				INFOPLIST_FILE = PictureAnnotationPOC/Info.plist;
				INFOPLIST_KEY_UIApplicationSupportsIndirectInputEvents = YES;
				INFOPLIST_KEY_UILaunchStoryboardName = LaunchScreen;
				INFOPLIST_KEY_UIMainStoryboardFile = Main;
				INFOPLIST_KEY_UISupportedInterfaceOrientations_iPad = "UIInterfaceOrientationPortrait UIInterfaceOrientationPortraitUpsideDown UIInterfaceOrientationLandscapeLeft UIInterfaceOrientationLandscapeRight";
				INFOPLIST_KEY_UISupportedInterfaceOrientations_iPhone = "UIInterfaceOrientationPortrait UIInterfaceOrientationLandscapeLeft UIInterfaceOrientationLandscapeRight";
				LD_RUNPATH_SEARCH_PATHS = (
					"$(inherited)",
					"@executable_path/Frameworks",
				);
				MARKETING_VERSION = 1.0;
				PRODUCT_BUNDLE_IDENTIFIER = com.test.PictureAnnotationPOC;
				PRODUCT_NAME = "$(TARGET_NAME)";
				SWIFT_EMIT_LOC_STRINGS = YES;
				SWIFT_VERSION = 5.0;
				TARGETED_DEVICE_FAMILY = "1,2";
			};
			name = Debug;
		};
		D0E87177289B993E0010A385 /* Release */ = {
			isa = XCBuildConfiguration;
			buildSettings = {
				ASSETCATALOG_COMPILER_APPICON_NAME = AppIcon;
				ASSETCATALOG_COMPILER_GLOBAL_ACCENT_COLOR_NAME = AccentColor;
				CODE_SIGN_STYLE = Automatic;
				CURRENT_PROJECT_VERSION = 1;
				GENERATE_INFOPLIST_FILE = YES;
				INFOPLIST_FILE = PictureAnnotationPOC/Info.plist;
				INFOPLIST_KEY_UIApplicationSupportsIndirectInputEvents = YES;
				INFOPLIST_KEY_UILaunchStoryboardName = LaunchScreen;
				INFOPLIST_KEY_UIMainStoryboardFile = Main;
				INFOPLIST_KEY_UISupportedInterfaceOrientations_iPad = "UIInterfaceOrientationPortrait UIInterfaceOrientationPortraitUpsideDown UIInterfaceOrientationLandscapeLeft UIInterfaceOrientationLandscapeRight";
				INFOPLIST_KEY_UISupportedInterfaceOrientations_iPhone = "UIInterfaceOrientationPortrait UIInterfaceOrientationLandscapeLeft UIInterfaceOrientationLandscapeRight";
				LD_RUNPATH_SEARCH_PATHS = (
					"$(inherited)",
					"@executable_path/Frameworks",
				);
				MARKETING_VERSION = 1.0;
				PRODUCT_BUNDLE_IDENTIFIER = com.test.PictureAnnotationPOC;
				PRODUCT_NAME = "$(TARGET_NAME)";
				SWIFT_EMIT_LOC_STRINGS = YES;
				SWIFT_VERSION = 5.0;
				TARGETED_DEVICE_FAMILY = "1,2";
			};
			name = Release;
		};
		D0E87179289B993E0010A385 /* Debug */ = {
			isa = XCBuildConfiguration;
			buildSettings = {
				ALWAYS_EMBED_SWIFT_STANDARD_LIBRARIES = YES;
				BUNDLE_LOADER = "$(TEST_HOST)";
				CODE_SIGN_STYLE = Automatic;
				CURRENT_PROJECT_VERSION = 1;
				GENERATE_INFOPLIST_FILE = YES;
				IPHONEOS_DEPLOYMENT_TARGET = 15.2;
				MARKETING_VERSION = 1.0;
				PRODUCT_BUNDLE_IDENTIFIER = com.test.PictureAnnotationPOCTests;
				PRODUCT_NAME = "$(TARGET_NAME)";
				SWIFT_EMIT_LOC_STRINGS = NO;
				SWIFT_VERSION = 5.0;
				TARGETED_DEVICE_FAMILY = "1,2";
				TEST_HOST = "$(BUILT_PRODUCTS_DIR)/PictureAnnotationPOC.app/PictureAnnotationPOC";
			};
			name = Debug;
		};
		D0E8717A289B993E0010A385 /* Release */ = {
			isa = XCBuildConfiguration;
			buildSettings = {
				ALWAYS_EMBED_SWIFT_STANDARD_LIBRARIES = YES;
				BUNDLE_LOADER = "$(TEST_HOST)";
				CODE_SIGN_STYLE = Automatic;
				CURRENT_PROJECT_VERSION = 1;
				GENERATE_INFOPLIST_FILE = YES;
				IPHONEOS_DEPLOYMENT_TARGET = 15.2;
				MARKETING_VERSION = 1.0;
				PRODUCT_BUNDLE_IDENTIFIER = com.test.PictureAnnotationPOCTests;
				PRODUCT_NAME = "$(TARGET_NAME)";
				SWIFT_EMIT_LOC_STRINGS = NO;
				SWIFT_VERSION = 5.0;
				TARGETED_DEVICE_FAMILY = "1,2";
				TEST_HOST = "$(BUILT_PRODUCTS_DIR)/PictureAnnotationPOC.app/PictureAnnotationPOC";
			};
			name = Release;
		};
		D0E8717C289B993E0010A385 /* Debug */ = {
			isa = XCBuildConfiguration;
			buildSettings = {
				ALWAYS_EMBED_SWIFT_STANDARD_LIBRARIES = YES;
				CODE_SIGN_STYLE = Automatic;
				CURRENT_PROJECT_VERSION = 1;
				GENERATE_INFOPLIST_FILE = YES;
				MARKETING_VERSION = 1.0;
				PRODUCT_BUNDLE_IDENTIFIER = com.test.PictureAnnotationPOCUITests;
				PRODUCT_NAME = "$(TARGET_NAME)";
				SWIFT_EMIT_LOC_STRINGS = NO;
				SWIFT_VERSION = 5.0;
				TARGETED_DEVICE_FAMILY = "1,2";
				TEST_TARGET_NAME = PictureAnnotationPOC;
			};
			name = Debug;
		};
		D0E8717D289B993E0010A385 /* Release */ = {
			isa = XCBuildConfiguration;
			buildSettings = {
				ALWAYS_EMBED_SWIFT_STANDARD_LIBRARIES = YES;
				CODE_SIGN_STYLE = Automatic;
				CURRENT_PROJECT_VERSION = 1;
				GENERATE_INFOPLIST_FILE = YES;
				MARKETING_VERSION = 1.0;
				PRODUCT_BUNDLE_IDENTIFIER = com.test.PictureAnnotationPOCUITests;
				PRODUCT_NAME = "$(TARGET_NAME)";
				SWIFT_EMIT_LOC_STRINGS = NO;
				SWIFT_VERSION = 5.0;
				TARGETED_DEVICE_FAMILY = "1,2";
				TEST_TARGET_NAME = PictureAnnotationPOC;
			};
			name = Release;
		};
/* End XCBuildConfiguration section */

/* Begin XCConfigurationList section */
		D0E87143289B993D0010A385 /* Build configuration list for PBXProject "PictureAnnotationPOC" */ = {
			isa = XCConfigurationList;
			buildConfigurations = (
				D0E87173289B993E0010A385 /* Debug */,
				D0E87174289B993E0010A385 /* Release */,
			);
			defaultConfigurationIsVisible = 0;
			defaultConfigurationName = Release;
		};
		D0E87175289B993E0010A385 /* Build configuration list for PBXNativeTarget "PictureAnnotationPOC" */ = {
			isa = XCConfigurationList;
			buildConfigurations = (
				D0E87176289B993E0010A385 /* Debug */,
				D0E87177289B993E0010A385 /* Release */,
			);
			defaultConfigurationIsVisible = 0;
			defaultConfigurationName = Release;
		};
		D0E87178289B993E0010A385 /* Build configuration list for PBXNativeTarget "PictureAnnotationPOCTests" */ = {
			isa = XCConfigurationList;
			buildConfigurations = (
				D0E87179289B993E0010A385 /* Debug */,
				D0E8717A289B993E0010A385 /* Release */,
			);
			defaultConfigurationIsVisible = 0;
			defaultConfigurationName = Release;
		};
		D0E8717B289B993E0010A385 /* Build configuration list for PBXNativeTarget "PictureAnnotationPOCUITests" */ = {
			isa = XCConfigurationList;
			buildConfigurations = (
				D0E8717C289B993E0010A385 /* Debug */,
				D0E8717D289B993E0010A385 /* Release */,
			);
			defaultConfigurationIsVisible = 0;
			defaultConfigurationName = Release;
		};
/* End XCConfigurationList section */

/* Begin XCVersionGroup section */
		D0E87154289B993D0010A385 /* PictureAnnotationPOC.xcdatamodeld */ = {
			isa = XCVersionGroup;
			children = (
				D0E87155289B993D0010A385 /* PictureAnnotationPOC.xcdatamodel */,
			);
			currentVersion = D0E87155289B993D0010A385 /* PictureAnnotationPOC.xcdatamodel */;
			path = PictureAnnotationPOC.xcdatamodeld;
			sourceTree = "<group>";
			versionGroupType = wrapper.xcdatamodel;
		};
/* End XCVersionGroup section */
	};
	rootObject = D0E87140289B993D0010A385 /* Project object */;
}
